
Microsoft Visual Studio Solution File, Format Version 12.00
# Visual Studio Version 16
VisualStudioVersion = 16.0.31410.357
MinimumVisualStudioVersion = 10.0.40219.1
Project("{2150E333-8FDC-42A3-9474-1A3956D46DE8}") = "MT", "MT", "{9EE834EF-E28A-49A6-8175-9B817441C4C8}"
EndProject
Project("{2150E333-8FDC-42A3-9474-1A3956D46DE8}") = "SoA", "SoA", "{F9825B5C-2333-4549-8418-D1D5D0A5363D}"
EndProject
Project("{FAE04EC0-301F-11D3-BF4B-00C04F79EFBC}") = "MT_DataAccesLibUWP", "..\MetrologyTaxonomy\MT_DataAccesLibUWP\MT_DataAccesLibUWP.csproj", "{AD0F7EAC-9FDB-44AC-9470-A37C7154C8CB}"
EndProject
Project("{FAE04EC0-301F-11D3-BF4B-00C04F79EFBC}") = "MT_UI", "..\MetrologyTaxonomy\MT_UI\MT_UI.csproj", "{CE49CCB2-8775-4675-8EAA-284833609981}"
EndProject
Project("{FAE04EC0-301F-11D3-BF4B-00C04F79EFBC}") = "SoAEditor", "..\SoA\MVVM_UI\SoAEditor\SoAEditor.csproj", "{361B5CED-4A95-42D3-8EFA-F631FD670069}"
EndProject
Project("{FAE04EC0-301F-11D3-BF4B-00C04F79EFBC}") = "SOA_DataAccessLibrary", "..\SoA\SOA_DataAccessLib\SOA_DataAccessLib\SOA_DataAccessLibrary.csproj", "{7AF4B06C-7888-431F-AC46-DB9B1A722990}"
EndProject
Project("{9A19103F-16F7-4668-BE54-9A1E7A4F7556}") = "SoA_WebAPI", "..\SoA\SoA_WebAPI\SoA_WebAPI.csproj", "{05140CAB-6C3D-4E84-971C-1D6C326630AA}"
EndProject
Global
	GlobalSection(SolutionConfigurationPlatforms) = preSolution
		Debug|Any CPU = Debug|Any CPU
		Debug|ARM = Debug|ARM
		Debug|ARM64 = Debug|ARM64
		Debug|x64 = Debug|x64
		Debug|x86 = Debug|x86
		Release|Any CPU = Release|Any CPU
		Release|ARM = Release|ARM
		Release|ARM64 = Release|ARM64
		Release|x64 = Release|x64
		Release|x86 = Release|x86
	EndGlobalSection
	GlobalSection(ProjectConfigurationPlatforms) = postSolution
		{AD0F7EAC-9FDB-44AC-9470-A37C7154C8CB}.Debug|Any CPU.ActiveCfg = Debug|Any CPU
		{AD0F7EAC-9FDB-44AC-9470-A37C7154C8CB}.Debug|Any CPU.Build.0 = Debug|Any CPU
		{AD0F7EAC-9FDB-44AC-9470-A37C7154C8CB}.Debug|ARM.ActiveCfg = Debug|ARM
		{AD0F7EAC-9FDB-44AC-9470-A37C7154C8CB}.Debug|ARM.Build.0 = Debug|ARM
		{AD0F7EAC-9FDB-44AC-9470-A37C7154C8CB}.Debug|ARM64.ActiveCfg = Debug|ARM64
		{AD0F7EAC-9FDB-44AC-9470-A37C7154C8CB}.Debug|ARM64.Build.0 = Debug|ARM64
		{AD0F7EAC-9FDB-44AC-9470-A37C7154C8CB}.Debug|x64.ActiveCfg = Debug|x64
		{AD0F7EAC-9FDB-44AC-9470-A37C7154C8CB}.Debug|x64.Build.0 = Debug|x64
		{AD0F7EAC-9FDB-44AC-9470-A37C7154C8CB}.Debug|x86.ActiveCfg = Debug|x86
		{AD0F7EAC-9FDB-44AC-9470-A37C7154C8CB}.Debug|x86.Build.0 = Debug|x86
		{AD0F7EAC-9FDB-44AC-9470-A37C7154C8CB}.Release|Any CPU.ActiveCfg = Release|Any CPU
		{AD0F7EAC-9FDB-44AC-9470-A37C7154C8CB}.Release|Any CPU.Build.0 = Release|Any CPU
		{AD0F7EAC-9FDB-44AC-9470-A37C7154C8CB}.Release|ARM.ActiveCfg = Release|ARM
		{AD0F7EAC-9FDB-44AC-9470-A37C7154C8CB}.Release|ARM.Build.0 = Release|ARM
		{AD0F7EAC-9FDB-44AC-9470-A37C7154C8CB}.Release|ARM64.ActiveCfg = Release|ARM64
		{AD0F7EAC-9FDB-44AC-9470-A37C7154C8CB}.Release|ARM64.Build.0 = Release|ARM64
		{AD0F7EAC-9FDB-44AC-9470-A37C7154C8CB}.Release|x64.ActiveCfg = Release|x64
		{AD0F7EAC-9FDB-44AC-9470-A37C7154C8CB}.Release|x64.Build.0 = Release|x64
		{AD0F7EAC-9FDB-44AC-9470-A37C7154C8CB}.Release|x86.ActiveCfg = Release|x86
		{AD0F7EAC-9FDB-44AC-9470-A37C7154C8CB}.Release|x86.Build.0 = Release|x86
		{CE49CCB2-8775-4675-8EAA-284833609981}.Debug|Any CPU.ActiveCfg = Debug|x86
		{CE49CCB2-8775-4675-8EAA-284833609981}.Debug|ARM.ActiveCfg = Debug|ARM
		{CE49CCB2-8775-4675-8EAA-284833609981}.Debug|ARM.Build.0 = Debug|ARM
		{CE49CCB2-8775-4675-8EAA-284833609981}.Debug|ARM.Deploy.0 = Debug|ARM
		{CE49CCB2-8775-4675-8EAA-284833609981}.Debug|ARM64.ActiveCfg = Debug|ARM64
		{CE49CCB2-8775-4675-8EAA-284833609981}.Debug|ARM64.Build.0 = Debug|ARM64
		{CE49CCB2-8775-4675-8EAA-284833609981}.Debug|ARM64.Deploy.0 = Debug|ARM64
		{CE49CCB2-8775-4675-8EAA-284833609981}.Debug|x64.ActiveCfg = Debug|x64
		{CE49CCB2-8775-4675-8EAA-284833609981}.Debug|x64.Build.0 = Debug|x64
		{CE49CCB2-8775-4675-8EAA-284833609981}.Debug|x64.Deploy.0 = Debug|x64
		{CE49CCB2-8775-4675-8EAA-284833609981}.Debug|x86.ActiveCfg = Debug|x86
		{CE49CCB2-8775-4675-8EAA-284833609981}.Debug|x86.Build.0 = Debug|x86
		{CE49CCB2-8775-4675-8EAA-284833609981}.Debug|x86.Deploy.0 = Debug|x86
		{CE49CCB2-8775-4675-8EAA-284833609981}.Release|Any CPU.ActiveCfg = Release|x86
		{CE49CCB2-8775-4675-8EAA-284833609981}.Release|ARM.ActiveCfg = Release|ARM
		{CE49CCB2-8775-4675-8EAA-284833609981}.Release|ARM.Build.0 = Release|ARM
		{CE49CCB2-8775-4675-8EAA-284833609981}.Release|ARM.Deploy.0 = Release|ARM
		{CE49CCB2-8775-4675-8EAA-284833609981}.Release|ARM64.ActiveCfg = Release|ARM64
		{CE49CCB2-8775-4675-8EAA-284833609981}.Release|ARM64.Build.0 = Release|ARM64
		{CE49CCB2-8775-4675-8EAA-284833609981}.Release|ARM64.Deploy.0 = Release|ARM64
		{CE49CCB2-8775-4675-8EAA-284833609981}.Release|x64.ActiveCfg = Release|x64
		{CE49CCB2-8775-4675-8EAA-284833609981}.Release|x64.Build.0 = Release|x64
		{CE49CCB2-8775-4675-8EAA-284833609981}.Release|x64.Deploy.0 = Release|x64
		{CE49CCB2-8775-4675-8EAA-284833609981}.Release|x86.ActiveCfg = Release|x86
		{CE49CCB2-8775-4675-8EAA-284833609981}.Release|x86.Build.0 = Release|x86
		{CE49CCB2-8775-4675-8EAA-284833609981}.Release|x86.Deploy.0 = Release|x86
		{361B5CED-4A95-42D3-8EFA-F631FD670069}.Debug|Any CPU.ActiveCfg = Debug|Any CPU
		{361B5CED-4A95-42D3-8EFA-F631FD670069}.Debug|Any CPU.Build.0 = Debug|Any CPU
		{361B5CED-4A95-42D3-8EFA-F631FD670069}.Debug|ARM.ActiveCfg = Debug|Any CPU
		{361B5CED-4A95-42D3-8EFA-F631FD670069}.Debug|ARM.Build.0 = Debug|Any CPU
		{361B5CED-4A95-42D3-8EFA-F631FD670069}.Debug|ARM64.ActiveCfg = Debug|Any CPU
		{361B5CED-4A95-42D3-8EFA-F631FD670069}.Debug|ARM64.Build.0 = Debug|Any CPU
		{361B5CED-4A95-42D3-8EFA-F631FD670069}.Debug|x64.ActiveCfg = Debug|Any CPU
		{361B5CED-4A95-42D3-8EFA-F631FD670069}.Debug|x64.Build.0 = Debug|Any CPU
		{361B5CED-4A95-42D3-8EFA-F631FD670069}.Debug|x86.ActiveCfg = Debug|Any CPU
		{361B5CED-4A95-42D3-8EFA-F631FD670069}.Debug|x86.Build.0 = Debug|Any CPU
		{361B5CED-4A95-42D3-8EFA-F631FD670069}.Release|Any CPU.ActiveCfg = Release|Any CPU
		{361B5CED-4A95-42D3-8EFA-F631FD670069}.Release|Any CPU.Build.0 = Release|Any CPU
		{361B5CED-4A95-42D3-8EFA-F631FD670069}.Release|ARM.ActiveCfg = Release|Any CPU
		{361B5CED-4A95-42D3-8EFA-F631FD670069}.Release|ARM.Build.0 = Release|Any CPU
		{361B5CED-4A95-42D3-8EFA-F631FD670069}.Release|ARM64.ActiveCfg = Release|Any CPU
		{361B5CED-4A95-42D3-8EFA-F631FD670069}.Release|ARM64.Build.0 = Release|Any CPU
		{361B5CED-4A95-42D3-8EFA-F631FD670069}.Release|x64.ActiveCfg = Release|Any CPU
		{361B5CED-4A95-42D3-8EFA-F631FD670069}.Release|x64.Build.0 = Release|Any CPU
		{361B5CED-4A95-42D3-8EFA-F631FD670069}.Release|x86.ActiveCfg = Release|Any CPU
		{361B5CED-4A95-42D3-8EFA-F631FD670069}.Release|x86.Build.0 = Release|Any CPU
		{7AF4B06C-7888-431F-AC46-DB9B1A722990}.Debug|Any CPU.ActiveCfg = Debug|Any CPU
		{7AF4B06C-7888-431F-AC46-DB9B1A722990}.Debug|Any CPU.Build.0 = Debug|Any CPU
		{7AF4B06C-7888-431F-AC46-DB9B1A722990}.Debug|ARM.ActiveCfg = Debug|Any CPU
		{7AF4B06C-7888-431F-AC46-DB9B1A722990}.Debug|ARM.Build.0 = Debug|Any CPU
		{7AF4B06C-7888-431F-AC46-DB9B1A722990}.Debug|ARM64.ActiveCfg = Debug|Any CPU
		{7AF4B06C-7888-431F-AC46-DB9B1A722990}.Debug|ARM64.Build.0 = Debug|Any CPU
		{7AF4B06C-7888-431F-AC46-DB9B1A722990}.Debug|x64.ActiveCfg = Debug|Any CPU
		{7AF4B06C-7888-431F-AC46-DB9B1A722990}.Debug|x64.Build.0 = Debug|Any CPU
		{7AF4B06C-7888-431F-AC46-DB9B1A722990}.Debug|x86.ActiveCfg = Debug|Any CPU
		{7AF4B06C-7888-431F-AC46-DB9B1A722990}.Debug|x86.Build.0 = Debug|Any CPU
		{7AF4B06C-7888-431F-AC46-DB9B1A722990}.Release|Any CPU.ActiveCfg = Release|Any CPU
		{7AF4B06C-7888-431F-AC46-DB9B1A722990}.Release|Any CPU.Build.0 = Release|Any CPU
		{7AF4B06C-7888-431F-AC46-DB9B1A722990}.Release|ARM.ActiveCfg = Release|Any CPU
		{7AF4B06C-7888-431F-AC46-DB9B1A722990}.Release|ARM.Build.0 = Release|Any CPU
		{7AF4B06C-7888-431F-AC46-DB9B1A722990}.Release|ARM64.ActiveCfg = Release|Any CPU
		{7AF4B06C-7888-431F-AC46-DB9B1A722990}.Release|ARM64.Build.0 = Release|Any CPU
		{7AF4B06C-7888-431F-AC46-DB9B1A722990}.Release|x64.ActiveCfg = Release|Any CPU
		{7AF4B06C-7888-431F-AC46-DB9B1A722990}.Release|x64.Build.0 = Release|Any CPU
		{7AF4B06C-7888-431F-AC46-DB9B1A722990}.Release|x86.ActiveCfg = Release|Any CPU
		{7AF4B06C-7888-431F-AC46-DB9B1A722990}.Release|x86.Build.0 = Release|Any CPU
		{05140CAB-6C3D-4E84-971C-1D6C326630AA}.Debug|Any CPU.ActiveCfg = Debug|Any CPU
		{05140CAB-6C3D-4E84-971C-1D6C326630AA}.Debug|Any CPU.Build.0 = Debug|Any CPU
		{05140CAB-6C3D-4E84-971C-1D6C326630AA}.Debug|ARM.ActiveCfg = Debug|Any CPU
		{05140CAB-6C3D-4E84-971C-1D6C326630AA}.Debug|ARM.Build.0 = Debug|Any CPU
		{05140CAB-6C3D-4E84-971C-1D6C326630AA}.Debug|ARM64.ActiveCfg = Debug|Any CPU
		{05140CAB-6C3D-4E84-971C-1D6C326630AA}.Debug|ARM64.Build.0 = Debug|Any CPU
		{05140CAB-6C3D-4E84-971C-1D6C326630AA}.Debug|x64.ActiveCfg = Debug|Any CPU
		{05140CAB-6C3D-4E84-971C-1D6C326630AA}.Debug|x64.Build.0 = Debug|Any CPU
		{05140CAB-6C3D-4E84-971C-1D6C326630AA}.Debug|x86.ActiveCfg = Debug|Any CPU
		{05140CAB-6C3D-4E84-971C-1D6C326630AA}.Debug|x86.Build.0 = Debug|Any CPU
		{05140CAB-6C3D-4E84-971C-1D6C326630AA}.Release|Any CPU.ActiveCfg = Release|Any CPU
		{05140CAB-6C3D-4E84-971C-1D6C326630AA}.Release|Any CPU.Build.0 = Release|Any CPU
		{05140CAB-6C3D-4E84-971C-1D6C326630AA}.Release|ARM.ActiveCfg = Release|Any CPU
		{05140CAB-6C3D-4E84-971C-1D6C326630AA}.Release|ARM.Build.0 = Release|Any CPU
		{05140CAB-6C3D-4E84-971C-1D6C326630AA}.Release|ARM64.ActiveCfg = Release|Any CPU
		{05140CAB-6C3D-4E84-971C-1D6C326630AA}.Release|ARM64.Build.0 = Release|Any CPU
		{05140CAB-6C3D-4E84-971C-1D6C326630AA}.Release|x64.ActiveCfg = Release|Any CPU
		{05140CAB-6C3D-4E84-971C-1D6C326630AA}.Release|x64.Build.0 = Release|Any CPU
		{05140CAB-6C3D-4E84-971C-1D6C326630AA}.Release|x86.ActiveCfg = Release|Any CPU
		{05140CAB-6C3D-4E84-971C-1D6C326630AA}.Release|x86.Build.0 = Release|Any CPU
	EndGlobalSection
	GlobalSection(SolutionProperties) = preSolution
		HideSolutionNode = FALSE
	EndGlobalSection
	GlobalSection(NestedProjects) = preSolution
		{AD0F7EAC-9FDB-44AC-9470-A37C7154C8CB} = {9EE834EF-E28A-49A6-8175-9B817441C4C8}
		{CE49CCB2-8775-4675-8EAA-284833609981} = {9EE834EF-E28A-49A6-8175-9B817441C4C8}
		{361B5CED-4A95-42D3-8EFA-F631FD670069} = {F9825B5C-2333-4549-8418-D1D5D0A5363D}
		{7AF4B06C-7888-431F-AC46-DB9B1A722990} = {F9825B5C-2333-4549-8418-D1D5D0A5363D}
		{05140CAB-6C3D-4E84-971C-1D6C326630AA} = {F9825B5C-2333-4549-8418-D1D5D0A5363D}
	EndGlobalSection
	GlobalSection(ExtensibilityGlobals) = postSolution
		SolutionGuid = {87530BBB-54A1-4279-A301-B2596D9E8230}
	EndGlobalSection
EndGlobal
