
Microsoft Visual Studio Solution File, Format Version 12.00
# Visual Studio Version 16
VisualStudioVersion = 16.0.30907.101
MinimumVisualStudioVersion = 10.0.40219.1
Project("{9A19103F-16F7-4668-BE54-9A1E7A4F7556}") = "MT_WebAPI", "MT_WebAPI\MT_WebAPI.csproj", "{9BF423E6-F623-4500-A853-5E7BEC32D258}"
EndProject
Project("{9A19103F-16F7-4668-BE54-9A1E7A4F7556}") = "MT_DataAccessLibWeb", "MT_DataAccessLibWeb\MT_DataAccessLibWeb.csproj", "{095CD707-7820-46F3-99ED-9005CE3AAF40}"
EndProject
Project("{FAE04EC0-301F-11D3-BF4B-00C04F79EFBC}") = "MT_DataAccesLibUWP", "MT_DataAccesLibUWP\MT_DataAccesLibUWP.csproj", "{AD0F7EAC-9FDB-44AC-9470-A37C7154C8CB}"
EndProject
Project("{FAE04EC0-301F-11D3-BF4B-00C04F79EFBC}") = "MT_UI", "MT_UI\MT_UI.csproj", "{CE49CCB2-8775-4675-8EAA-284833609981}"
EndProject
Project("{FAE04EC0-301F-11D3-BF4B-00C04F79EFBC}") = "SOA_DataAccessLibrary", "..\SOA_DataAccessLib\SOA_DataAccessLib\SOA_DataAccessLibrary.csproj", "{7AF4B06C-7888-431F-AC46-DB9B1A722990}"
EndProject
Global
	GlobalSection(SolutionConfigurationPlatforms) = preSolution
		Ad-Hoc|Any CPU = Ad-Hoc|Any CPU
		Ad-Hoc|ARM = Ad-Hoc|ARM
		Ad-Hoc|ARM64 = Ad-Hoc|ARM64
		Ad-Hoc|iPhone = Ad-Hoc|iPhone
		Ad-Hoc|iPhoneSimulator = Ad-Hoc|iPhoneSimulator
		Ad-Hoc|x64 = Ad-Hoc|x64
		Ad-Hoc|x86 = Ad-Hoc|x86
		AppStore|Any CPU = AppStore|Any CPU
		AppStore|ARM = AppStore|ARM
		AppStore|ARM64 = AppStore|ARM64
		AppStore|iPhone = AppStore|iPhone
		AppStore|iPhoneSimulator = AppStore|iPhoneSimulator
		AppStore|x64 = AppStore|x64
		AppStore|x86 = AppStore|x86
		Debug|Any CPU = Debug|Any CPU
		Debug|ARM = Debug|ARM
		Debug|ARM64 = Debug|ARM64
		Debug|iPhone = Debug|iPhone
		Debug|iPhoneSimulator = Debug|iPhoneSimulator
		Debug|x64 = Debug|x64
		Debug|x86 = Debug|x86
		Release|Any CPU = Release|Any CPU
		Release|ARM = Release|ARM
		Release|ARM64 = Release|ARM64
		Release|iPhone = Release|iPhone
		Release|iPhoneSimulator = Release|iPhoneSimulator
		Release|x64 = Release|x64
		Release|x86 = Release|x86
	EndGlobalSection
	GlobalSection(ProjectConfigurationPlatforms) = postSolution
		{9BF423E6-F623-4500-A853-5E7BEC32D258}.Ad-Hoc|Any CPU.ActiveCfg = Debug|Any CPU
		{9BF423E6-F623-4500-A853-5E7BEC32D258}.Ad-Hoc|Any CPU.Build.0 = Debug|Any CPU
		{9BF423E6-F623-4500-A853-5E7BEC32D258}.Ad-Hoc|ARM.ActiveCfg = Debug|Any CPU
		{9BF423E6-F623-4500-A853-5E7BEC32D258}.Ad-Hoc|ARM.Build.0 = Debug|Any CPU
		{9BF423E6-F623-4500-A853-5E7BEC32D258}.Ad-Hoc|ARM64.ActiveCfg = Debug|Any CPU
		{9BF423E6-F623-4500-A853-5E7BEC32D258}.Ad-Hoc|ARM64.Build.0 = Debug|Any CPU
		{9BF423E6-F623-4500-A853-5E7BEC32D258}.Ad-Hoc|iPhone.ActiveCfg = Debug|Any CPU
		{9BF423E6-F623-4500-A853-5E7BEC32D258}.Ad-Hoc|iPhone.Build.0 = Debug|Any CPU
		{9BF423E6-F623-4500-A853-5E7BEC32D258}.Ad-Hoc|iPhoneSimulator.ActiveCfg = Debug|Any CPU
		{9BF423E6-F623-4500-A853-5E7BEC32D258}.Ad-Hoc|iPhoneSimulator.Build.0 = Debug|Any CPU
		{9BF423E6-F623-4500-A853-5E7BEC32D258}.Ad-Hoc|x64.ActiveCfg = Debug|Any CPU
		{9BF423E6-F623-4500-A853-5E7BEC32D258}.Ad-Hoc|x64.Build.0 = Debug|Any CPU
		{9BF423E6-F623-4500-A853-5E7BEC32D258}.Ad-Hoc|x86.ActiveCfg = Debug|Any CPU
		{9BF423E6-F623-4500-A853-5E7BEC32D258}.Ad-Hoc|x86.Build.0 = Debug|Any CPU
		{9BF423E6-F623-4500-A853-5E7BEC32D258}.AppStore|Any CPU.ActiveCfg = Debug|Any CPU
		{9BF423E6-F623-4500-A853-5E7BEC32D258}.AppStore|Any CPU.Build.0 = Debug|Any CPU
		{9BF423E6-F623-4500-A853-5E7BEC32D258}.AppStore|ARM.ActiveCfg = Debug|Any CPU
		{9BF423E6-F623-4500-A853-5E7BEC32D258}.AppStore|ARM.Build.0 = Debug|Any CPU
		{9BF423E6-F623-4500-A853-5E7BEC32D258}.AppStore|ARM64.ActiveCfg = Debug|Any CPU
		{9BF423E6-F623-4500-A853-5E7BEC32D258}.AppStore|ARM64.Build.0 = Debug|Any CPU
		{9BF423E6-F623-4500-A853-5E7BEC32D258}.AppStore|iPhone.ActiveCfg = Debug|Any CPU
		{9BF423E6-F623-4500-A853-5E7BEC32D258}.AppStore|iPhone.Build.0 = Debug|Any CPU
		{9BF423E6-F623-4500-A853-5E7BEC32D258}.AppStore|iPhoneSimulator.ActiveCfg = Debug|Any CPU
		{9BF423E6-F623-4500-A853-5E7BEC32D258}.AppStore|iPhoneSimulator.Build.0 = Debug|Any CPU
		{9BF423E6-F623-4500-A853-5E7BEC32D258}.AppStore|x64.ActiveCfg = Debug|Any CPU
		{9BF423E6-F623-4500-A853-5E7BEC32D258}.AppStore|x64.Build.0 = Debug|Any CPU
		{9BF423E6-F623-4500-A853-5E7BEC32D258}.AppStore|x86.ActiveCfg = Debug|Any CPU
		{9BF423E6-F623-4500-A853-5E7BEC32D258}.AppStore|x86.Build.0 = Debug|Any CPU
		{9BF423E6-F623-4500-A853-5E7BEC32D258}.Debug|Any CPU.ActiveCfg = Debug|Any CPU
		{9BF423E6-F623-4500-A853-5E7BEC32D258}.Debug|Any CPU.Build.0 = Debug|Any CPU
		{9BF423E6-F623-4500-A853-5E7BEC32D258}.Debug|ARM.ActiveCfg = Debug|Any CPU
		{9BF423E6-F623-4500-A853-5E7BEC32D258}.Debug|ARM.Build.0 = Debug|Any CPU
		{9BF423E6-F623-4500-A853-5E7BEC32D258}.Debug|ARM64.ActiveCfg = Debug|Any CPU
		{9BF423E6-F623-4500-A853-5E7BEC32D258}.Debug|ARM64.Build.0 = Debug|Any CPU
		{9BF423E6-F623-4500-A853-5E7BEC32D258}.Debug|iPhone.ActiveCfg = Debug|Any CPU
		{9BF423E6-F623-4500-A853-5E7BEC32D258}.Debug|iPhone.Build.0 = Debug|Any CPU
		{9BF423E6-F623-4500-A853-5E7BEC32D258}.Debug|iPhoneSimulator.ActiveCfg = Debug|Any CPU
		{9BF423E6-F623-4500-A853-5E7BEC32D258}.Debug|iPhoneSimulator.Build.0 = Debug|Any CPU
		{9BF423E6-F623-4500-A853-5E7BEC32D258}.Debug|x64.ActiveCfg = Debug|Any CPU
		{9BF423E6-F623-4500-A853-5E7BEC32D258}.Debug|x64.Build.0 = Debug|Any CPU
		{9BF423E6-F623-4500-A853-5E7BEC32D258}.Debug|x86.ActiveCfg = Debug|Any CPU
		{9BF423E6-F623-4500-A853-5E7BEC32D258}.Debug|x86.Build.0 = Debug|Any CPU
		{9BF423E6-F623-4500-A853-5E7BEC32D258}.Release|Any CPU.ActiveCfg = Release|Any CPU
		{9BF423E6-F623-4500-A853-5E7BEC32D258}.Release|Any CPU.Build.0 = Release|Any CPU
		{9BF423E6-F623-4500-A853-5E7BEC32D258}.Release|ARM.ActiveCfg = Release|Any CPU
		{9BF423E6-F623-4500-A853-5E7BEC32D258}.Release|ARM.Build.0 = Release|Any CPU
		{9BF423E6-F623-4500-A853-5E7BEC32D258}.Release|ARM64.ActiveCfg = Release|Any CPU
		{9BF423E6-F623-4500-A853-5E7BEC32D258}.Release|ARM64.Build.0 = Release|Any CPU
		{9BF423E6-F623-4500-A853-5E7BEC32D258}.Release|iPhone.ActiveCfg = Release|Any CPU
		{9BF423E6-F623-4500-A853-5E7BEC32D258}.Release|iPhone.Build.0 = Release|Any CPU
		{9BF423E6-F623-4500-A853-5E7BEC32D258}.Release|iPhoneSimulator.ActiveCfg = Release|Any CPU
		{9BF423E6-F623-4500-A853-5E7BEC32D258}.Release|iPhoneSimulator.Build.0 = Release|Any CPU
		{9BF423E6-F623-4500-A853-5E7BEC32D258}.Release|x64.ActiveCfg = Release|Any CPU
		{9BF423E6-F623-4500-A853-5E7BEC32D258}.Release|x64.Build.0 = Release|Any CPU
		{9BF423E6-F623-4500-A853-5E7BEC32D258}.Release|x86.ActiveCfg = Release|Any CPU
		{9BF423E6-F623-4500-A853-5E7BEC32D258}.Release|x86.Build.0 = Release|Any CPU
		{095CD707-7820-46F3-99ED-9005CE3AAF40}.Ad-Hoc|Any CPU.ActiveCfg = Debug|Any CPU
		{095CD707-7820-46F3-99ED-9005CE3AAF40}.Ad-Hoc|Any CPU.Build.0 = Debug|Any CPU
		{095CD707-7820-46F3-99ED-9005CE3AAF40}.Ad-Hoc|ARM.ActiveCfg = Debug|Any CPU
		{095CD707-7820-46F3-99ED-9005CE3AAF40}.Ad-Hoc|ARM.Build.0 = Debug|Any CPU
		{095CD707-7820-46F3-99ED-9005CE3AAF40}.Ad-Hoc|ARM64.ActiveCfg = Debug|Any CPU
		{095CD707-7820-46F3-99ED-9005CE3AAF40}.Ad-Hoc|ARM64.Build.0 = Debug|Any CPU
		{095CD707-7820-46F3-99ED-9005CE3AAF40}.Ad-Hoc|iPhone.ActiveCfg = Debug|Any CPU
		{095CD707-7820-46F3-99ED-9005CE3AAF40}.Ad-Hoc|iPhone.Build.0 = Debug|Any CPU
		{095CD707-7820-46F3-99ED-9005CE3AAF40}.Ad-Hoc|iPhoneSimulator.ActiveCfg = Debug|Any CPU
		{095CD707-7820-46F3-99ED-9005CE3AAF40}.Ad-Hoc|iPhoneSimulator.Build.0 = Debug|Any CPU
		{095CD707-7820-46F3-99ED-9005CE3AAF40}.Ad-Hoc|x64.ActiveCfg = Debug|Any CPU
		{095CD707-7820-46F3-99ED-9005CE3AAF40}.Ad-Hoc|x64.Build.0 = Debug|Any CPU
		{095CD707-7820-46F3-99ED-9005CE3AAF40}.Ad-Hoc|x86.ActiveCfg = Debug|Any CPU
		{095CD707-7820-46F3-99ED-9005CE3AAF40}.Ad-Hoc|x86.Build.0 = Debug|Any CPU
		{095CD707-7820-46F3-99ED-9005CE3AAF40}.AppStore|Any CPU.ActiveCfg = Debug|Any CPU
		{095CD707-7820-46F3-99ED-9005CE3AAF40}.AppStore|Any CPU.Build.0 = Debug|Any CPU
		{095CD707-7820-46F3-99ED-9005CE3AAF40}.AppStore|ARM.ActiveCfg = Debug|Any CPU
		{095CD707-7820-46F3-99ED-9005CE3AAF40}.AppStore|ARM.Build.0 = Debug|Any CPU
		{095CD707-7820-46F3-99ED-9005CE3AAF40}.AppStore|ARM64.ActiveCfg = Debug|Any CPU
		{095CD707-7820-46F3-99ED-9005CE3AAF40}.AppStore|ARM64.Build.0 = Debug|Any CPU
		{095CD707-7820-46F3-99ED-9005CE3AAF40}.AppStore|iPhone.ActiveCfg = Debug|Any CPU
		{095CD707-7820-46F3-99ED-9005CE3AAF40}.AppStore|iPhone.Build.0 = Debug|Any CPU
		{095CD707-7820-46F3-99ED-9005CE3AAF40}.AppStore|iPhoneSimulator.ActiveCfg = Debug|Any CPU
		{095CD707-7820-46F3-99ED-9005CE3AAF40}.AppStore|iPhoneSimulator.Build.0 = Debug|Any CPU
		{095CD707-7820-46F3-99ED-9005CE3AAF40}.AppStore|x64.ActiveCfg = Debug|Any CPU
		{095CD707-7820-46F3-99ED-9005CE3AAF40}.AppStore|x64.Build.0 = Debug|Any CPU
		{095CD707-7820-46F3-99ED-9005CE3AAF40}.AppStore|x86.ActiveCfg = Debug|Any CPU
		{095CD707-7820-46F3-99ED-9005CE3AAF40}.AppStore|x86.Build.0 = Debug|Any CPU
		{095CD707-7820-46F3-99ED-9005CE3AAF40}.Debug|Any CPU.ActiveCfg = Debug|Any CPU
		{095CD707-7820-46F3-99ED-9005CE3AAF40}.Debug|Any CPU.Build.0 = Debug|Any CPU
		{095CD707-7820-46F3-99ED-9005CE3AAF40}.Debug|ARM.ActiveCfg = Debug|Any CPU
		{095CD707-7820-46F3-99ED-9005CE3AAF40}.Debug|ARM.Build.0 = Debug|Any CPU
		{095CD707-7820-46F3-99ED-9005CE3AAF40}.Debug|ARM64.ActiveCfg = Debug|Any CPU
		{095CD707-7820-46F3-99ED-9005CE3AAF40}.Debug|ARM64.Build.0 = Debug|Any CPU
		{095CD707-7820-46F3-99ED-9005CE3AAF40}.Debug|iPhone.ActiveCfg = Debug|Any CPU
		{095CD707-7820-46F3-99ED-9005CE3AAF40}.Debug|iPhone.Build.0 = Debug|Any CPU
		{095CD707-7820-46F3-99ED-9005CE3AAF40}.Debug|iPhoneSimulator.ActiveCfg = Debug|Any CPU
		{095CD707-7820-46F3-99ED-9005CE3AAF40}.Debug|iPhoneSimulator.Build.0 = Debug|Any CPU
		{095CD707-7820-46F3-99ED-9005CE3AAF40}.Debug|x64.ActiveCfg = Debug|Any CPU
		{095CD707-7820-46F3-99ED-9005CE3AAF40}.Debug|x64.Build.0 = Debug|Any CPU
		{095CD707-7820-46F3-99ED-9005CE3AAF40}.Debug|x86.ActiveCfg = Debug|Any CPU
		{095CD707-7820-46F3-99ED-9005CE3AAF40}.Debug|x86.Build.0 = Debug|Any CPU
		{095CD707-7820-46F3-99ED-9005CE3AAF40}.Release|Any CPU.ActiveCfg = Release|Any CPU
		{095CD707-7820-46F3-99ED-9005CE3AAF40}.Release|Any CPU.Build.0 = Release|Any CPU
		{095CD707-7820-46F3-99ED-9005CE3AAF40}.Release|ARM.ActiveCfg = Release|Any CPU
		{095CD707-7820-46F3-99ED-9005CE3AAF40}.Release|ARM.Build.0 = Release|Any CPU
		{095CD707-7820-46F3-99ED-9005CE3AAF40}.Release|ARM64.ActiveCfg = Release|Any CPU
		{095CD707-7820-46F3-99ED-9005CE3AAF40}.Release|ARM64.Build.0 = Release|Any CPU
		{095CD707-7820-46F3-99ED-9005CE3AAF40}.Release|iPhone.ActiveCfg = Release|Any CPU
		{095CD707-7820-46F3-99ED-9005CE3AAF40}.Release|iPhone.Build.0 = Release|Any CPU
		{095CD707-7820-46F3-99ED-9005CE3AAF40}.Release|iPhoneSimulator.ActiveCfg = Release|Any CPU
		{095CD707-7820-46F3-99ED-9005CE3AAF40}.Release|iPhoneSimulator.Build.0 = Release|Any CPU
		{095CD707-7820-46F3-99ED-9005CE3AAF40}.Release|x64.ActiveCfg = Release|Any CPU
		{095CD707-7820-46F3-99ED-9005CE3AAF40}.Release|x64.Build.0 = Release|Any CPU
		{095CD707-7820-46F3-99ED-9005CE3AAF40}.Release|x86.ActiveCfg = Release|Any CPU
		{095CD707-7820-46F3-99ED-9005CE3AAF40}.Release|x86.Build.0 = Release|Any CPU
		{AD0F7EAC-9FDB-44AC-9470-A37C7154C8CB}.Ad-Hoc|Any CPU.ActiveCfg = Debug|Any CPU
		{AD0F7EAC-9FDB-44AC-9470-A37C7154C8CB}.Ad-Hoc|Any CPU.Build.0 = Debug|Any CPU
		{AD0F7EAC-9FDB-44AC-9470-A37C7154C8CB}.Ad-Hoc|ARM.ActiveCfg = Debug|ARM
		{AD0F7EAC-9FDB-44AC-9470-A37C7154C8CB}.Ad-Hoc|ARM.Build.0 = Debug|ARM
		{AD0F7EAC-9FDB-44AC-9470-A37C7154C8CB}.Ad-Hoc|ARM64.ActiveCfg = Debug|ARM64
		{AD0F7EAC-9FDB-44AC-9470-A37C7154C8CB}.Ad-Hoc|ARM64.Build.0 = Debug|ARM64
		{AD0F7EAC-9FDB-44AC-9470-A37C7154C8CB}.Ad-Hoc|iPhone.ActiveCfg = Debug|Any CPU
		{AD0F7EAC-9FDB-44AC-9470-A37C7154C8CB}.Ad-Hoc|iPhone.Build.0 = Debug|Any CPU
		{AD0F7EAC-9FDB-44AC-9470-A37C7154C8CB}.Ad-Hoc|iPhoneSimulator.ActiveCfg = Debug|Any CPU
		{AD0F7EAC-9FDB-44AC-9470-A37C7154C8CB}.Ad-Hoc|iPhoneSimulator.Build.0 = Debug|Any CPU
		{AD0F7EAC-9FDB-44AC-9470-A37C7154C8CB}.Ad-Hoc|x64.ActiveCfg = Debug|x64
		{AD0F7EAC-9FDB-44AC-9470-A37C7154C8CB}.Ad-Hoc|x64.Build.0 = Debug|x64
		{AD0F7EAC-9FDB-44AC-9470-A37C7154C8CB}.Ad-Hoc|x86.ActiveCfg = Debug|x86
		{AD0F7EAC-9FDB-44AC-9470-A37C7154C8CB}.Ad-Hoc|x86.Build.0 = Debug|x86
		{AD0F7EAC-9FDB-44AC-9470-A37C7154C8CB}.AppStore|Any CPU.ActiveCfg = Debug|Any CPU
		{AD0F7EAC-9FDB-44AC-9470-A37C7154C8CB}.AppStore|Any CPU.Build.0 = Debug|Any CPU
		{AD0F7EAC-9FDB-44AC-9470-A37C7154C8CB}.AppStore|ARM.ActiveCfg = Debug|ARM
		{AD0F7EAC-9FDB-44AC-9470-A37C7154C8CB}.AppStore|ARM.Build.0 = Debug|ARM
		{AD0F7EAC-9FDB-44AC-9470-A37C7154C8CB}.AppStore|ARM64.ActiveCfg = Debug|ARM64
		{AD0F7EAC-9FDB-44AC-9470-A37C7154C8CB}.AppStore|ARM64.Build.0 = Debug|ARM64
		{AD0F7EAC-9FDB-44AC-9470-A37C7154C8CB}.AppStore|iPhone.ActiveCfg = Debug|Any CPU
		{AD0F7EAC-9FDB-44AC-9470-A37C7154C8CB}.AppStore|iPhone.Build.0 = Debug|Any CPU
		{AD0F7EAC-9FDB-44AC-9470-A37C7154C8CB}.AppStore|iPhoneSimulator.ActiveCfg = Debug|Any CPU
		{AD0F7EAC-9FDB-44AC-9470-A37C7154C8CB}.AppStore|iPhoneSimulator.Build.0 = Debug|Any CPU
		{AD0F7EAC-9FDB-44AC-9470-A37C7154C8CB}.AppStore|x64.ActiveCfg = Debug|x64
		{AD0F7EAC-9FDB-44AC-9470-A37C7154C8CB}.AppStore|x64.Build.0 = Debug|x64
		{AD0F7EAC-9FDB-44AC-9470-A37C7154C8CB}.AppStore|x86.ActiveCfg = Debug|x86
		{AD0F7EAC-9FDB-44AC-9470-A37C7154C8CB}.AppStore|x86.Build.0 = Debug|x86
		{AD0F7EAC-9FDB-44AC-9470-A37C7154C8CB}.Debug|Any CPU.ActiveCfg = Debug|Any CPU
		{AD0F7EAC-9FDB-44AC-9470-A37C7154C8CB}.Debug|Any CPU.Build.0 = Debug|Any CPU
		{AD0F7EAC-9FDB-44AC-9470-A37C7154C8CB}.Debug|ARM.ActiveCfg = Debug|ARM
		{AD0F7EAC-9FDB-44AC-9470-A37C7154C8CB}.Debug|ARM.Build.0 = Debug|ARM
		{AD0F7EAC-9FDB-44AC-9470-A37C7154C8CB}.Debug|ARM64.ActiveCfg = Debug|ARM64
		{AD0F7EAC-9FDB-44AC-9470-A37C7154C8CB}.Debug|ARM64.Build.0 = Debug|ARM64
		{AD0F7EAC-9FDB-44AC-9470-A37C7154C8CB}.Debug|iPhone.ActiveCfg = Debug|Any CPU
		{AD0F7EAC-9FDB-44AC-9470-A37C7154C8CB}.Debug|iPhone.Build.0 = Debug|Any CPU
		{AD0F7EAC-9FDB-44AC-9470-A37C7154C8CB}.Debug|iPhoneSimulator.ActiveCfg = Debug|Any CPU
		{AD0F7EAC-9FDB-44AC-9470-A37C7154C8CB}.Debug|iPhoneSimulator.Build.0 = Debug|Any CPU
		{AD0F7EAC-9FDB-44AC-9470-A37C7154C8CB}.Debug|x64.ActiveCfg = Debug|x64
		{AD0F7EAC-9FDB-44AC-9470-A37C7154C8CB}.Debug|x64.Build.0 = Debug|x64
		{AD0F7EAC-9FDB-44AC-9470-A37C7154C8CB}.Debug|x86.ActiveCfg = Debug|x86
		{AD0F7EAC-9FDB-44AC-9470-A37C7154C8CB}.Debug|x86.Build.0 = Debug|x86
		{AD0F7EAC-9FDB-44AC-9470-A37C7154C8CB}.Release|Any CPU.ActiveCfg = Release|Any CPU
		{AD0F7EAC-9FDB-44AC-9470-A37C7154C8CB}.Release|Any CPU.Build.0 = Release|Any CPU
		{AD0F7EAC-9FDB-44AC-9470-A37C7154C8CB}.Release|ARM.ActiveCfg = Release|ARM
		{AD0F7EAC-9FDB-44AC-9470-A37C7154C8CB}.Release|ARM.Build.0 = Release|ARM
		{AD0F7EAC-9FDB-44AC-9470-A37C7154C8CB}.Release|ARM64.ActiveCfg = Release|ARM64
		{AD0F7EAC-9FDB-44AC-9470-A37C7154C8CB}.Release|ARM64.Build.0 = Release|ARM64
		{AD0F7EAC-9FDB-44AC-9470-A37C7154C8CB}.Release|iPhone.ActiveCfg = Release|Any CPU
		{AD0F7EAC-9FDB-44AC-9470-A37C7154C8CB}.Release|iPhone.Build.0 = Release|Any CPU
		{AD0F7EAC-9FDB-44AC-9470-A37C7154C8CB}.Release|iPhoneSimulator.ActiveCfg = Release|Any CPU
		{AD0F7EAC-9FDB-44AC-9470-A37C7154C8CB}.Release|iPhoneSimulator.Build.0 = Release|Any CPU
		{AD0F7EAC-9FDB-44AC-9470-A37C7154C8CB}.Release|x64.ActiveCfg = Release|x64
		{AD0F7EAC-9FDB-44AC-9470-A37C7154C8CB}.Release|x64.Build.0 = Release|x64
		{AD0F7EAC-9FDB-44AC-9470-A37C7154C8CB}.Release|x86.ActiveCfg = Release|x86
		{AD0F7EAC-9FDB-44AC-9470-A37C7154C8CB}.Release|x86.Build.0 = Release|x86
		{CE49CCB2-8775-4675-8EAA-284833609981}.Ad-Hoc|Any CPU.ActiveCfg = Debug|x86
		{CE49CCB2-8775-4675-8EAA-284833609981}.Ad-Hoc|Any CPU.Build.0 = Debug|x86
		{CE49CCB2-8775-4675-8EAA-284833609981}.Ad-Hoc|Any CPU.Deploy.0 = Debug|x86
		{CE49CCB2-8775-4675-8EAA-284833609981}.Ad-Hoc|ARM.ActiveCfg = Debug|ARM
		{CE49CCB2-8775-4675-8EAA-284833609981}.Ad-Hoc|ARM.Build.0 = Debug|ARM
		{CE49CCB2-8775-4675-8EAA-284833609981}.Ad-Hoc|ARM.Deploy.0 = Debug|ARM
		{CE49CCB2-8775-4675-8EAA-284833609981}.Ad-Hoc|ARM64.ActiveCfg = Debug|ARM64
		{CE49CCB2-8775-4675-8EAA-284833609981}.Ad-Hoc|ARM64.Build.0 = Debug|ARM64
		{CE49CCB2-8775-4675-8EAA-284833609981}.Ad-Hoc|ARM64.Deploy.0 = Debug|ARM64
		{CE49CCB2-8775-4675-8EAA-284833609981}.Ad-Hoc|iPhone.ActiveCfg = Debug|x86
		{CE49CCB2-8775-4675-8EAA-284833609981}.Ad-Hoc|iPhone.Build.0 = Debug|x86
		{CE49CCB2-8775-4675-8EAA-284833609981}.Ad-Hoc|iPhone.Deploy.0 = Debug|x86
		{CE49CCB2-8775-4675-8EAA-284833609981}.Ad-Hoc|iPhoneSimulator.ActiveCfg = Debug|x86
		{CE49CCB2-8775-4675-8EAA-284833609981}.Ad-Hoc|iPhoneSimulator.Build.0 = Debug|x86
		{CE49CCB2-8775-4675-8EAA-284833609981}.Ad-Hoc|iPhoneSimulator.Deploy.0 = Debug|x86
		{CE49CCB2-8775-4675-8EAA-284833609981}.Ad-Hoc|x64.ActiveCfg = Debug|x64
		{CE49CCB2-8775-4675-8EAA-284833609981}.Ad-Hoc|x64.Build.0 = Debug|x64
		{CE49CCB2-8775-4675-8EAA-284833609981}.Ad-Hoc|x64.Deploy.0 = Debug|x64
		{CE49CCB2-8775-4675-8EAA-284833609981}.Ad-Hoc|x86.ActiveCfg = Debug|x86
		{CE49CCB2-8775-4675-8EAA-284833609981}.Ad-Hoc|x86.Build.0 = Debug|x86
		{CE49CCB2-8775-4675-8EAA-284833609981}.Ad-Hoc|x86.Deploy.0 = Debug|x86
		{CE49CCB2-8775-4675-8EAA-284833609981}.AppStore|Any CPU.ActiveCfg = Debug|x86
		{CE49CCB2-8775-4675-8EAA-284833609981}.AppStore|Any CPU.Build.0 = Debug|x86
		{CE49CCB2-8775-4675-8EAA-284833609981}.AppStore|Any CPU.Deploy.0 = Debug|x86
		{CE49CCB2-8775-4675-8EAA-284833609981}.AppStore|ARM.ActiveCfg = Debug|ARM
		{CE49CCB2-8775-4675-8EAA-284833609981}.AppStore|ARM.Build.0 = Debug|ARM
		{CE49CCB2-8775-4675-8EAA-284833609981}.AppStore|ARM.Deploy.0 = Debug|ARM
		{CE49CCB2-8775-4675-8EAA-284833609981}.AppStore|ARM64.ActiveCfg = Debug|ARM64
		{CE49CCB2-8775-4675-8EAA-284833609981}.AppStore|ARM64.Build.0 = Debug|ARM64
		{CE49CCB2-8775-4675-8EAA-284833609981}.AppStore|ARM64.Deploy.0 = Debug|ARM64
		{CE49CCB2-8775-4675-8EAA-284833609981}.AppStore|iPhone.ActiveCfg = Debug|x86
		{CE49CCB2-8775-4675-8EAA-284833609981}.AppStore|iPhone.Build.0 = Debug|x86
		{CE49CCB2-8775-4675-8EAA-284833609981}.AppStore|iPhone.Deploy.0 = Debug|x86
		{CE49CCB2-8775-4675-8EAA-284833609981}.AppStore|iPhoneSimulator.ActiveCfg = Debug|x86
		{CE49CCB2-8775-4675-8EAA-284833609981}.AppStore|iPhoneSimulator.Build.0 = Debug|x86
		{CE49CCB2-8775-4675-8EAA-284833609981}.AppStore|iPhoneSimulator.Deploy.0 = Debug|x86
		{CE49CCB2-8775-4675-8EAA-284833609981}.AppStore|x64.ActiveCfg = Debug|x64
		{CE49CCB2-8775-4675-8EAA-284833609981}.AppStore|x64.Build.0 = Debug|x64
		{CE49CCB2-8775-4675-8EAA-284833609981}.AppStore|x64.Deploy.0 = Debug|x64
		{CE49CCB2-8775-4675-8EAA-284833609981}.AppStore|x86.ActiveCfg = Debug|x86
		{CE49CCB2-8775-4675-8EAA-284833609981}.AppStore|x86.Build.0 = Debug|x86
		{CE49CCB2-8775-4675-8EAA-284833609981}.AppStore|x86.Deploy.0 = Debug|x86
		{CE49CCB2-8775-4675-8EAA-284833609981}.Debug|Any CPU.ActiveCfg = Debug|x86
		{CE49CCB2-8775-4675-8EAA-284833609981}.Debug|ARM.ActiveCfg = Debug|ARM
		{CE49CCB2-8775-4675-8EAA-284833609981}.Debug|ARM.Build.0 = Debug|ARM
		{CE49CCB2-8775-4675-8EAA-284833609981}.Debug|ARM.Deploy.0 = Debug|ARM
		{CE49CCB2-8775-4675-8EAA-284833609981}.Debug|ARM64.ActiveCfg = Debug|ARM64
		{CE49CCB2-8775-4675-8EAA-284833609981}.Debug|ARM64.Build.0 = Debug|ARM64
		{CE49CCB2-8775-4675-8EAA-284833609981}.Debug|ARM64.Deploy.0 = Debug|ARM64
		{CE49CCB2-8775-4675-8EAA-284833609981}.Debug|iPhone.ActiveCfg = Debug|x86
		{CE49CCB2-8775-4675-8EAA-284833609981}.Debug|iPhoneSimulator.ActiveCfg = Debug|x86
		{CE49CCB2-8775-4675-8EAA-284833609981}.Debug|x64.ActiveCfg = Debug|x64
		{CE49CCB2-8775-4675-8EAA-284833609981}.Debug|x64.Build.0 = Debug|x64
		{CE49CCB2-8775-4675-8EAA-284833609981}.Debug|x64.Deploy.0 = Debug|x64
		{CE49CCB2-8775-4675-8EAA-284833609981}.Debug|x86.ActiveCfg = Debug|x86
		{CE49CCB2-8775-4675-8EAA-284833609981}.Debug|x86.Build.0 = Debug|x86
		{CE49CCB2-8775-4675-8EAA-284833609981}.Debug|x86.Deploy.0 = Debug|x86
		{CE49CCB2-8775-4675-8EAA-284833609981}.Release|Any CPU.ActiveCfg = Release|x86
		{CE49CCB2-8775-4675-8EAA-284833609981}.Release|ARM.ActiveCfg = Release|ARM
		{CE49CCB2-8775-4675-8EAA-284833609981}.Release|ARM.Build.0 = Release|ARM
		{CE49CCB2-8775-4675-8EAA-284833609981}.Release|ARM.Deploy.0 = Release|ARM
		{CE49CCB2-8775-4675-8EAA-284833609981}.Release|ARM64.ActiveCfg = Release|ARM64
		{CE49CCB2-8775-4675-8EAA-284833609981}.Release|ARM64.Build.0 = Release|ARM64
		{CE49CCB2-8775-4675-8EAA-284833609981}.Release|ARM64.Deploy.0 = Release|ARM64
		{CE49CCB2-8775-4675-8EAA-284833609981}.Release|iPhone.ActiveCfg = Release|x86
		{CE49CCB2-8775-4675-8EAA-284833609981}.Release|iPhoneSimulator.ActiveCfg = Release|x86
		{CE49CCB2-8775-4675-8EAA-284833609981}.Release|x64.ActiveCfg = Release|x64
		{CE49CCB2-8775-4675-8EAA-284833609981}.Release|x64.Build.0 = Release|x64
		{CE49CCB2-8775-4675-8EAA-284833609981}.Release|x64.Deploy.0 = Release|x64
		{CE49CCB2-8775-4675-8EAA-284833609981}.Release|x86.ActiveCfg = Release|x86
		{CE49CCB2-8775-4675-8EAA-284833609981}.Release|x86.Build.0 = Release|x86
		{CE49CCB2-8775-4675-8EAA-284833609981}.Release|x86.Deploy.0 = Release|x86
		{7AF4B06C-7888-431F-AC46-DB9B1A722990}.Ad-Hoc|Any CPU.ActiveCfg = Debug|Any CPU
		{7AF4B06C-7888-431F-AC46-DB9B1A722990}.Ad-Hoc|Any CPU.Build.0 = Debug|Any CPU
		{7AF4B06C-7888-431F-AC46-DB9B1A722990}.Ad-Hoc|ARM.ActiveCfg = Debug|Any CPU
		{7AF4B06C-7888-431F-AC46-DB9B1A722990}.Ad-Hoc|ARM.Build.0 = Debug|Any CPU
		{7AF4B06C-7888-431F-AC46-DB9B1A722990}.Ad-Hoc|ARM64.ActiveCfg = Debug|Any CPU
		{7AF4B06C-7888-431F-AC46-DB9B1A722990}.Ad-Hoc|ARM64.Build.0 = Debug|Any CPU
		{7AF4B06C-7888-431F-AC46-DB9B1A722990}.Ad-Hoc|iPhone.ActiveCfg = Debug|Any CPU
		{7AF4B06C-7888-431F-AC46-DB9B1A722990}.Ad-Hoc|iPhone.Build.0 = Debug|Any CPU
		{7AF4B06C-7888-431F-AC46-DB9B1A722990}.Ad-Hoc|iPhoneSimulator.ActiveCfg = Debug|Any CPU
		{7AF4B06C-7888-431F-AC46-DB9B1A722990}.Ad-Hoc|iPhoneSimulator.Build.0 = Debug|Any CPU
		{7AF4B06C-7888-431F-AC46-DB9B1A722990}.Ad-Hoc|x64.ActiveCfg = Debug|Any CPU
		{7AF4B06C-7888-431F-AC46-DB9B1A722990}.Ad-Hoc|x64.Build.0 = Debug|Any CPU
		{7AF4B06C-7888-431F-AC46-DB9B1A722990}.Ad-Hoc|x86.ActiveCfg = Debug|Any CPU
		{7AF4B06C-7888-431F-AC46-DB9B1A722990}.Ad-Hoc|x86.Build.0 = Debug|Any CPU
		{7AF4B06C-7888-431F-AC46-DB9B1A722990}.AppStore|Any CPU.ActiveCfg = Debug|Any CPU
		{7AF4B06C-7888-431F-AC46-DB9B1A722990}.AppStore|Any CPU.Build.0 = Debug|Any CPU
		{7AF4B06C-7888-431F-AC46-DB9B1A722990}.AppStore|ARM.ActiveCfg = Debug|Any CPU
		{7AF4B06C-7888-431F-AC46-DB9B1A722990}.AppStore|ARM.Build.0 = Debug|Any CPU
		{7AF4B06C-7888-431F-AC46-DB9B1A722990}.AppStore|ARM64.ActiveCfg = Debug|Any CPU
		{7AF4B06C-7888-431F-AC46-DB9B1A722990}.AppStore|ARM64.Build.0 = Debug|Any CPU
		{7AF4B06C-7888-431F-AC46-DB9B1A722990}.AppStore|iPhone.ActiveCfg = Debug|Any CPU
		{7AF4B06C-7888-431F-AC46-DB9B1A722990}.AppStore|iPhone.Build.0 = Debug|Any CPU
		{7AF4B06C-7888-431F-AC46-DB9B1A722990}.AppStore|iPhoneSimulator.ActiveCfg = Debug|Any CPU
		{7AF4B06C-7888-431F-AC46-DB9B1A722990}.AppStore|iPhoneSimulator.Build.0 = Debug|Any CPU
		{7AF4B06C-7888-431F-AC46-DB9B1A722990}.AppStore|x64.ActiveCfg = Debug|Any CPU
		{7AF4B06C-7888-431F-AC46-DB9B1A722990}.AppStore|x64.Build.0 = Debug|Any CPU
		{7AF4B06C-7888-431F-AC46-DB9B1A722990}.AppStore|x86.ActiveCfg = Debug|Any CPU
		{7AF4B06C-7888-431F-AC46-DB9B1A722990}.AppStore|x86.Build.0 = Debug|Any CPU
		{7AF4B06C-7888-431F-AC46-DB9B1A722990}.Debug|Any CPU.ActiveCfg = Debug|Any CPU
		{7AF4B06C-7888-431F-AC46-DB9B1A722990}.Debug|Any CPU.Build.0 = Debug|Any CPU
		{7AF4B06C-7888-431F-AC46-DB9B1A722990}.Debug|ARM.ActiveCfg = Debug|Any CPU
		{7AF4B06C-7888-431F-AC46-DB9B1A722990}.Debug|ARM.Build.0 = Debug|Any CPU
		{7AF4B06C-7888-431F-AC46-DB9B1A722990}.Debug|ARM64.ActiveCfg = Debug|Any CPU
		{7AF4B06C-7888-431F-AC46-DB9B1A722990}.Debug|ARM64.Build.0 = Debug|Any CPU
		{7AF4B06C-7888-431F-AC46-DB9B1A722990}.Debug|iPhone.ActiveCfg = Debug|Any CPU
		{7AF4B06C-7888-431F-AC46-DB9B1A722990}.Debug|iPhone.Build.0 = Debug|Any CPU
		{7AF4B06C-7888-431F-AC46-DB9B1A722990}.Debug|iPhoneSimulator.ActiveCfg = Debug|Any CPU
		{7AF4B06C-7888-431F-AC46-DB9B1A722990}.Debug|iPhoneSimulator.Build.0 = Debug|Any CPU
		{7AF4B06C-7888-431F-AC46-DB9B1A722990}.Debug|x64.ActiveCfg = Debug|Any CPU
		{7AF4B06C-7888-431F-AC46-DB9B1A722990}.Debug|x64.Build.0 = Debug|Any CPU
		{7AF4B06C-7888-431F-AC46-DB9B1A722990}.Debug|x86.ActiveCfg = Debug|Any CPU
		{7AF4B06C-7888-431F-AC46-DB9B1A722990}.Debug|x86.Build.0 = Debug|Any CPU
		{7AF4B06C-7888-431F-AC46-DB9B1A722990}.Release|Any CPU.ActiveCfg = Release|Any CPU
		{7AF4B06C-7888-431F-AC46-DB9B1A722990}.Release|Any CPU.Build.0 = Release|Any CPU
		{7AF4B06C-7888-431F-AC46-DB9B1A722990}.Release|ARM.ActiveCfg = Release|Any CPU
		{7AF4B06C-7888-431F-AC46-DB9B1A722990}.Release|ARM.Build.0 = Release|Any CPU
		{7AF4B06C-7888-431F-AC46-DB9B1A722990}.Release|ARM64.ActiveCfg = Release|Any CPU
		{7AF4B06C-7888-431F-AC46-DB9B1A722990}.Release|ARM64.Build.0 = Release|Any CPU
		{7AF4B06C-7888-431F-AC46-DB9B1A722990}.Release|iPhone.ActiveCfg = Release|Any CPU
		{7AF4B06C-7888-431F-AC46-DB9B1A722990}.Release|iPhone.Build.0 = Release|Any CPU
		{7AF4B06C-7888-431F-AC46-DB9B1A722990}.Release|iPhoneSimulator.ActiveCfg = Release|Any CPU
		{7AF4B06C-7888-431F-AC46-DB9B1A722990}.Release|iPhoneSimulator.Build.0 = Release|Any CPU
		{7AF4B06C-7888-431F-AC46-DB9B1A722990}.Release|x64.ActiveCfg = Release|Any CPU
		{7AF4B06C-7888-431F-AC46-DB9B1A722990}.Release|x64.Build.0 = Release|Any CPU
		{7AF4B06C-7888-431F-AC46-DB9B1A722990}.Release|x86.ActiveCfg = Release|Any CPU
		{7AF4B06C-7888-431F-AC46-DB9B1A722990}.Release|x86.Build.0 = Release|Any CPU
	EndGlobalSection
	GlobalSection(SolutionProperties) = preSolution
		HideSolutionNode = FALSE
	EndGlobalSection
	GlobalSection(ExtensibilityGlobals) = postSolution
		SolutionGuid = {2943BE92-5E47-44A3-91AC-D28164674190}
	EndGlobalSection
EndGlobal
