
Microsoft Visual Studio Solution File, Format Version 12.00
# Visual Studio 15
VisualStudioVersion = 15.0.26430.16
MinimumVisualStudioVersion = 10.0.40219.1
Project("{FAE04EC0-301F-11D3-BF4B-00C04F79EFBC}") = "SoA_Manager", "SoA_Manager.csproj", "{6B93F3EE-0928-46C1-AF27-D5E9FCA2B1B6}"
EndProject
Project("{FAE04EC0-301F-11D3-BF4B-00C04F79EFBC}") = "menuBtn", "..\menuBtn\menuBtn.csproj", "{0C652563-6B91-44EE-B42D-C29C7805EE59}"
EndProject
Project("{FAE04EC0-301F-11D3-BF4B-00C04F79EFBC}") = "SOA_DataAccessLibrary", "..\SOA_DataAccessLib\SOA_DataAccessLib\SOA_DataAccessLibrary.csproj", "{7AF4B06C-7888-431F-AC46-DB9B1A722990}"
EndProject
Global
	GlobalSection(SolutionConfigurationPlatforms) = preSolution
		Debug|Any CPU = Debug|Any CPU
		Release|Any CPU = Release|Any CPU
	EndGlobalSection
	GlobalSection(ProjectConfigurationPlatforms) = postSolution
		{6B93F3EE-0928-46C1-AF27-D5E9FCA2B1B6}.Debug|Any CPU.ActiveCfg = Debug|Any CPU
		{6B93F3EE-0928-46C1-AF27-D5E9FCA2B1B6}.Debug|Any CPU.Build.0 = Debug|Any CPU
		{6B93F3EE-0928-46C1-AF27-D5E9FCA2B1B6}.Release|Any CPU.ActiveCfg = Release|Any CPU
		{6B93F3EE-0928-46C1-AF27-D5E9FCA2B1B6}.Release|Any CPU.Build.0 = Release|Any CPU
		{0C652563-6B91-44EE-B42D-C29C7805EE59}.Debug|Any CPU.ActiveCfg = Debug|Any CPU
		{0C652563-6B91-44EE-B42D-C29C7805EE59}.Debug|Any CPU.Build.0 = Debug|Any CPU
		{0C652563-6B91-44EE-B42D-C29C7805EE59}.Release|Any CPU.ActiveCfg = Release|Any CPU
		{0C652563-6B91-44EE-B42D-C29C7805EE59}.Release|Any CPU.Build.0 = Release|Any CPU
		{7AF4B06C-7888-431F-AC46-DB9B1A722990}.Debug|Any CPU.ActiveCfg = Debug|Any CPU
		{7AF4B06C-7888-431F-AC46-DB9B1A722990}.Debug|Any CPU.Build.0 = Debug|Any CPU
		{7AF4B06C-7888-431F-AC46-DB9B1A722990}.Release|Any CPU.ActiveCfg = Release|Any CPU
		{7AF4B06C-7888-431F-AC46-DB9B1A722990}.Release|Any CPU.Build.0 = Release|Any CPU
	EndGlobalSection
	GlobalSection(SolutionProperties) = preSolution
		HideSolutionNode = FALSE
	EndGlobalSection
EndGlobal
