
Microsoft Visual Studio Solution File, Format Version 12.00
# Visual Studio Version 16
VisualStudioVersion = 16.0.31410.357
MinimumVisualStudioVersion = 10.0.40219.1
Project("{2150E333-8FDC-42A3-9474-1A3956D46DE8}") = "MT", "MT", "{296C4AC1-B3E7-4049-8C40-5F2228422582}"
EndProject
Project("{2150E333-8FDC-42A3-9474-1A3956D46DE8}") = "SoA", "SoA", "{2AE3E5FB-1AFD-4F4E-9BBD-0B01BB2584F1}"
EndProject
Project("{9A19103F-16F7-4668-BE54-9A1E7A4F7556}") = "MT_DataAccessLib", "MetrologyTaxonomy\MT_DataAccessLib\MT_DataAccessLib.csproj", "{6ABD10A5-9245-4C9F-A624-7C7C134A868E}"
EndProject
Project("{9A19103F-16F7-4668-BE54-9A1E7A4F7556}") = "MT_Editor", "MetrologyTaxonomy\MT_Editor\MT_Editor.csproj", "{6E85B97E-574B-46C4-9C72-FE8E399BAF98}"
EndProject
Project("{9A19103F-16F7-4668-BE54-9A1E7A4F7556}") = "SoA_DataAccessLib", "SoA\SoA_DataAccessLib\SoA_DataAccessLib.csproj", "{AB435B46-18A3-4377-9A38-ADAFEF0EBA40}"
EndProject
Project("{9A19103F-16F7-4668-BE54-9A1E7A4F7556}") = "SoA_Editor", "SoA\SoA_Editor\SoA_Editor.csproj", "{BD7E046D-D675-4405-8033-58A67BF7AE15}"
EndProject
Project("{9A19103F-16F7-4668-BE54-9A1E7A4F7556}") = "SoA_DataAccessLib_UnitTest", "SoA\SoA_DataAccessLib_UnitTest\SoA_DataAccessLib_UnitTest.csproj", "{DEB87707-EAEB-4ABF-9356-70464147781B}"
EndProject
Global
	GlobalSection(SolutionConfigurationPlatforms) = preSolution
		Debug|Any CPU = Debug|Any CPU
		Debug|ARM = Debug|ARM
		Debug|ARM64 = Debug|ARM64
		Debug|x64 = Debug|x64
		Debug|x86 = Debug|x86
		Release|Any CPU = Release|Any CPU
		Release|ARM = Release|ARM
		Release|ARM64 = Release|ARM64
		Release|x64 = Release|x64
		Release|x86 = Release|x86
	EndGlobalSection
	GlobalSection(ProjectConfigurationPlatforms) = postSolution
		{6ABD10A5-9245-4C9F-A624-7C7C134A868E}.Debug|Any CPU.ActiveCfg = Debug|Any CPU
		{6ABD10A5-9245-4C9F-A624-7C7C134A868E}.Debug|Any CPU.Build.0 = Debug|Any CPU
		{6ABD10A5-9245-4C9F-A624-7C7C134A868E}.Debug|ARM.ActiveCfg = Debug|Any CPU
		{6ABD10A5-9245-4C9F-A624-7C7C134A868E}.Debug|ARM.Build.0 = Debug|Any CPU
		{6ABD10A5-9245-4C9F-A624-7C7C134A868E}.Debug|ARM64.ActiveCfg = Debug|Any CPU
		{6ABD10A5-9245-4C9F-A624-7C7C134A868E}.Debug|ARM64.Build.0 = Debug|Any CPU
		{6ABD10A5-9245-4C9F-A624-7C7C134A868E}.Debug|x64.ActiveCfg = Debug|Any CPU
		{6ABD10A5-9245-4C9F-A624-7C7C134A868E}.Debug|x64.Build.0 = Debug|Any CPU
		{6ABD10A5-9245-4C9F-A624-7C7C134A868E}.Debug|x86.ActiveCfg = Debug|x86
		{6ABD10A5-9245-4C9F-A624-7C7C134A868E}.Debug|x86.Build.0 = Debug|x86
		{6ABD10A5-9245-4C9F-A624-7C7C134A868E}.Release|Any CPU.ActiveCfg = Release|Any CPU
		{6ABD10A5-9245-4C9F-A624-7C7C134A868E}.Release|Any CPU.Build.0 = Release|Any CPU
		{6ABD10A5-9245-4C9F-A624-7C7C134A868E}.Release|ARM.ActiveCfg = Release|Any CPU
		{6ABD10A5-9245-4C9F-A624-7C7C134A868E}.Release|ARM.Build.0 = Release|Any CPU
		{6ABD10A5-9245-4C9F-A624-7C7C134A868E}.Release|ARM64.ActiveCfg = Release|Any CPU
		{6ABD10A5-9245-4C9F-A624-7C7C134A868E}.Release|ARM64.Build.0 = Release|Any CPU
		{6ABD10A5-9245-4C9F-A624-7C7C134A868E}.Release|x64.ActiveCfg = Release|Any CPU
		{6ABD10A5-9245-4C9F-A624-7C7C134A868E}.Release|x64.Build.0 = Release|Any CPU
		{6ABD10A5-9245-4C9F-A624-7C7C134A868E}.Release|x86.ActiveCfg = Release|Any CPU
		{6ABD10A5-9245-4C9F-A624-7C7C134A868E}.Release|x86.Build.0 = Release|Any CPU
		{6E85B97E-574B-46C4-9C72-FE8E399BAF98}.Debug|Any CPU.ActiveCfg = Debug|Any CPU
		{6E85B97E-574B-46C4-9C72-FE8E399BAF98}.Debug|Any CPU.Build.0 = Debug|Any CPU
		{6E85B97E-574B-46C4-9C72-FE8E399BAF98}.Debug|ARM.ActiveCfg = Debug|Any CPU
		{6E85B97E-574B-46C4-9C72-FE8E399BAF98}.Debug|ARM.Build.0 = Debug|Any CPU
		{6E85B97E-574B-46C4-9C72-FE8E399BAF98}.Debug|ARM64.ActiveCfg = Debug|Any CPU
		{6E85B97E-574B-46C4-9C72-FE8E399BAF98}.Debug|ARM64.Build.0 = Debug|Any CPU
		{6E85B97E-574B-46C4-9C72-FE8E399BAF98}.Debug|x64.ActiveCfg = Debug|Any CPU
		{6E85B97E-574B-46C4-9C72-FE8E399BAF98}.Debug|x64.Build.0 = Debug|Any CPU
		{6E85B97E-574B-46C4-9C72-FE8E399BAF98}.Debug|x86.ActiveCfg = Debug|x86
		{6E85B97E-574B-46C4-9C72-FE8E399BAF98}.Debug|x86.Build.0 = Debug|x86
		{6E85B97E-574B-46C4-9C72-FE8E399BAF98}.Release|Any CPU.ActiveCfg = Release|Any CPU
		{6E85B97E-574B-46C4-9C72-FE8E399BAF98}.Release|Any CPU.Build.0 = Release|Any CPU
		{6E85B97E-574B-46C4-9C72-FE8E399BAF98}.Release|ARM.ActiveCfg = Release|Any CPU
		{6E85B97E-574B-46C4-9C72-FE8E399BAF98}.Release|ARM.Build.0 = Release|Any CPU
		{6E85B97E-574B-46C4-9C72-FE8E399BAF98}.Release|ARM64.ActiveCfg = Release|Any CPU
		{6E85B97E-574B-46C4-9C72-FE8E399BAF98}.Release|ARM64.Build.0 = Release|Any CPU
		{6E85B97E-574B-46C4-9C72-FE8E399BAF98}.Release|x64.ActiveCfg = Release|Any CPU
		{6E85B97E-574B-46C4-9C72-FE8E399BAF98}.Release|x64.Build.0 = Release|Any CPU
		{6E85B97E-574B-46C4-9C72-FE8E399BAF98}.Release|x86.ActiveCfg = Release|Any CPU
		{6E85B97E-574B-46C4-9C72-FE8E399BAF98}.Release|x86.Build.0 = Release|Any CPU
		{AB435B46-18A3-4377-9A38-ADAFEF0EBA40}.Debug|Any CPU.ActiveCfg = Debug|Any CPU
		{AB435B46-18A3-4377-9A38-ADAFEF0EBA40}.Debug|Any CPU.Build.0 = Debug|Any CPU
		{AB435B46-18A3-4377-9A38-ADAFEF0EBA40}.Debug|ARM.ActiveCfg = Debug|Any CPU
		{AB435B46-18A3-4377-9A38-ADAFEF0EBA40}.Debug|ARM.Build.0 = Debug|Any CPU
		{AB435B46-18A3-4377-9A38-ADAFEF0EBA40}.Debug|ARM64.ActiveCfg = Debug|Any CPU
		{AB435B46-18A3-4377-9A38-ADAFEF0EBA40}.Debug|ARM64.Build.0 = Debug|Any CPU
		{AB435B46-18A3-4377-9A38-ADAFEF0EBA40}.Debug|x64.ActiveCfg = Debug|Any CPU
		{AB435B46-18A3-4377-9A38-ADAFEF0EBA40}.Debug|x64.Build.0 = Debug|Any CPU
		{AB435B46-18A3-4377-9A38-ADAFEF0EBA40}.Debug|x86.ActiveCfg = Debug|x86
		{AB435B46-18A3-4377-9A38-ADAFEF0EBA40}.Debug|x86.Build.0 = Debug|x86
		{AB435B46-18A3-4377-9A38-ADAFEF0EBA40}.Release|Any CPU.ActiveCfg = Release|Any CPU
		{AB435B46-18A3-4377-9A38-ADAFEF0EBA40}.Release|Any CPU.Build.0 = Release|Any CPU
		{AB435B46-18A3-4377-9A38-ADAFEF0EBA40}.Release|ARM.ActiveCfg = Release|Any CPU
		{AB435B46-18A3-4377-9A38-ADAFEF0EBA40}.Release|ARM.Build.0 = Release|Any CPU
		{AB435B46-18A3-4377-9A38-ADAFEF0EBA40}.Release|ARM64.ActiveCfg = Release|Any CPU
		{AB435B46-18A3-4377-9A38-ADAFEF0EBA40}.Release|ARM64.Build.0 = Release|Any CPU
		{AB435B46-18A3-4377-9A38-ADAFEF0EBA40}.Release|x64.ActiveCfg = Release|Any CPU
		{AB435B46-18A3-4377-9A38-ADAFEF0EBA40}.Release|x64.Build.0 = Release|Any CPU
		{AB435B46-18A3-4377-9A38-ADAFEF0EBA40}.Release|x86.ActiveCfg = Release|Any CPU
		{AB435B46-18A3-4377-9A38-ADAFEF0EBA40}.Release|x86.Build.0 = Release|Any CPU
		{BD7E046D-D675-4405-8033-58A67BF7AE15}.Debug|Any CPU.ActiveCfg = Debug|Any CPU
		{BD7E046D-D675-4405-8033-58A67BF7AE15}.Debug|Any CPU.Build.0 = Debug|Any CPU
		{BD7E046D-D675-4405-8033-58A67BF7AE15}.Debug|ARM.ActiveCfg = Debug|Any CPU
		{BD7E046D-D675-4405-8033-58A67BF7AE15}.Debug|ARM.Build.0 = Debug|Any CPU
		{BD7E046D-D675-4405-8033-58A67BF7AE15}.Debug|ARM64.ActiveCfg = Debug|Any CPU
		{BD7E046D-D675-4405-8033-58A67BF7AE15}.Debug|ARM64.Build.0 = Debug|Any CPU
		{BD7E046D-D675-4405-8033-58A67BF7AE15}.Debug|x64.ActiveCfg = Debug|Any CPU
		{BD7E046D-D675-4405-8033-58A67BF7AE15}.Debug|x64.Build.0 = Debug|Any CPU
		{BD7E046D-D675-4405-8033-58A67BF7AE15}.Debug|x86.ActiveCfg = Debug|x86
		{BD7E046D-D675-4405-8033-58A67BF7AE15}.Debug|x86.Build.0 = Debug|x86
		{BD7E046D-D675-4405-8033-58A67BF7AE15}.Release|Any CPU.ActiveCfg = Release|Any CPU
		{BD7E046D-D675-4405-8033-58A67BF7AE15}.Release|Any CPU.Build.0 = Release|Any CPU
		{BD7E046D-D675-4405-8033-58A67BF7AE15}.Release|ARM.ActiveCfg = Release|Any CPU
		{BD7E046D-D675-4405-8033-58A67BF7AE15}.Release|ARM.Build.0 = Release|Any CPU
		{BD7E046D-D675-4405-8033-58A67BF7AE15}.Release|ARM64.ActiveCfg = Release|Any CPU
		{BD7E046D-D675-4405-8033-58A67BF7AE15}.Release|ARM64.Build.0 = Release|Any CPU
		{BD7E046D-D675-4405-8033-58A67BF7AE15}.Release|x64.ActiveCfg = Release|Any CPU
		{BD7E046D-D675-4405-8033-58A67BF7AE15}.Release|x64.Build.0 = Release|Any CPU
		{BD7E046D-D675-4405-8033-58A67BF7AE15}.Release|x86.ActiveCfg = Release|Any CPU
		{BD7E046D-D675-4405-8033-58A67BF7AE15}.Release|x86.Build.0 = Release|Any CPU
		{DEB87707-EAEB-4ABF-9356-70464147781B}.Debug|Any CPU.ActiveCfg = Debug|Any CPU
		{DEB87707-EAEB-4ABF-9356-70464147781B}.Debug|Any CPU.Build.0 = Debug|Any CPU
		{DEB87707-EAEB-4ABF-9356-70464147781B}.Debug|ARM.ActiveCfg = Debug|Any CPU
		{DEB87707-EAEB-4ABF-9356-70464147781B}.Debug|ARM.Build.0 = Debug|Any CPU
		{DEB87707-EAEB-4ABF-9356-70464147781B}.Debug|ARM64.ActiveCfg = Debug|Any CPU
		{DEB87707-EAEB-4ABF-9356-70464147781B}.Debug|ARM64.Build.0 = Debug|Any CPU
		{DEB87707-EAEB-4ABF-9356-70464147781B}.Debug|x64.ActiveCfg = Debug|Any CPU
		{DEB87707-EAEB-4ABF-9356-70464147781B}.Debug|x64.Build.0 = Debug|Any CPU
		{DEB87707-EAEB-4ABF-9356-70464147781B}.Debug|x86.ActiveCfg = Debug|x86
		{DEB87707-EAEB-4ABF-9356-70464147781B}.Debug|x86.Build.0 = Debug|x86
		{DEB87707-EAEB-4ABF-9356-70464147781B}.Release|Any CPU.ActiveCfg = Release|Any CPU
		{DEB87707-EAEB-4ABF-9356-70464147781B}.Release|Any CPU.Build.0 = Release|Any CPU
		{DEB87707-EAEB-4ABF-9356-70464147781B}.Release|ARM.ActiveCfg = Release|Any CPU
		{DEB87707-EAEB-4ABF-9356-70464147781B}.Release|ARM.Build.0 = Release|Any CPU
		{DEB87707-EAEB-4ABF-9356-70464147781B}.Release|ARM64.ActiveCfg = Release|Any CPU
		{DEB87707-EAEB-4ABF-9356-70464147781B}.Release|ARM64.Build.0 = Release|Any CPU
		{DEB87707-EAEB-4ABF-9356-70464147781B}.Release|x64.ActiveCfg = Release|Any CPU
		{DEB87707-EAEB-4ABF-9356-70464147781B}.Release|x64.Build.0 = Release|Any CPU
		{DEB87707-EAEB-4ABF-9356-70464147781B}.Release|x86.ActiveCfg = Release|Any CPU
		{DEB87707-EAEB-4ABF-9356-70464147781B}.Release|x86.Build.0 = Release|Any CPU
	EndGlobalSection
	GlobalSection(SolutionProperties) = preSolution
		HideSolutionNode = FALSE
	EndGlobalSection
	GlobalSection(NestedProjects) = preSolution
		{6ABD10A5-9245-4C9F-A624-7C7C134A868E} = {296C4AC1-B3E7-4049-8C40-5F2228422582}
		{6E85B97E-574B-46C4-9C72-FE8E399BAF98} = {296C4AC1-B3E7-4049-8C40-5F2228422582}
		{AB435B46-18A3-4377-9A38-ADAFEF0EBA40} = {2AE3E5FB-1AFD-4F4E-9BBD-0B01BB2584F1}
		{BD7E046D-D675-4405-8033-58A67BF7AE15} = {2AE3E5FB-1AFD-4F4E-9BBD-0B01BB2584F1}
		{DEB87707-EAEB-4ABF-9356-70464147781B} = {2AE3E5FB-1AFD-4F4E-9BBD-0B01BB2584F1}
	EndGlobalSection
	GlobalSection(ExtensibilityGlobals) = postSolution
		SolutionGuid = {83979C91-65AE-4898-B463-B5E861D51183}
	EndGlobalSection
EndGlobal
